
Microsoft Visual Studio Solution File, Format Version 12.00
# Visual Studio Version 16
VisualStudioVersion = 16.0.31702.278
MinimumVisualStudioVersion = 10.0.40219.1
Project("{9A19103F-16F7-4668-BE54-9A1E7A4F7556}") = "SomaSimples", "SomaSimples\SomaSimples.csproj", "{8FDE1039-D629-45E2-A0E0-AFE63FF37C23}"
EndProject
Project("{9A19103F-16F7-4668-BE54-9A1E7A4F7556}") = "DDD", "DDD\DDD.csproj", "{69538CA7-B64B-4684-99D1-4DCE67A46603}"
EndProject
Project("{9A19103F-16F7-4668-BE54-9A1E7A4F7556}") = "Multiplos", "Multiplos\Multiplos.csproj", "{C6836DB0-3CEF-4D45-B1E8-48DAD0289E19}"
EndProject
Project("{9A19103F-16F7-4668-BE54-9A1E7A4F7556}") = "Numeroimpares", "Numeroimpares\Numeroimpares.csproj", "{67E2F613-44C2-4A28-A0A6-F96767B50492}"
EndProject
Project("{9A19103F-16F7-4668-BE54-9A1E7A4F7556}") = "Conversão de Tempo", "Conversão de Tempo\Conversão de Tempo.csproj", "{693C5B49-C5E2-4AAD-9843-9248522C24D1}"
EndProject
Project("{9A19103F-16F7-4668-BE54-9A1E7A4F7556}") = "Tempo do Dobby", "Tempo do Dobby\Tempo do Dobby.csproj", "{DF95D333-1F69-4322-A08C-EB667EBD3516}"
EndProject
Project("{9A19103F-16F7-4668-BE54-9A1E7A4F7556}") = "TipoDeCombustivel", "TipoDeCombustivel\TipoDeCombustivel.csproj", "{EE50314C-5B05-4694-872B-23D457EA3380}"
EndProject
Project("{9A19103F-16F7-4668-BE54-9A1E7A4F7556}") = "ValidacaoDeNota", "ValidacaoDeNota\ValidacaoDeNota.csproj", "{362EE97B-7AE7-401D-A6B8-D7A4E73BCAE2}"
EndProject
Project("{9A19103F-16F7-4668-BE54-9A1E7A4F7556}") = "Omaior", "Omaior\Omaior.csproj", "{925CC529-1CD7-451B-A1F8-214AF4605135}"
EndProject
Project("{9A19103F-16F7-4668-BE54-9A1E7A4F7556}") = "Tipos-de-Triângulos", "Tipos-de-Triângulos\Tipos-de-Triângulos.csproj", "{0A4FD194-F3DA-434E-A301-FBADA88A2524}"
EndProject
Project("{9A19103F-16F7-4668-BE54-9A1E7A4F7556}") = "Sequencia-Logica-2", "Sequencia-Logica-2\Sequencia-Logica-2.csproj", "{7E62E41D-1287-4C69-9BFF-F99A4C219441}"
EndProject
Project("{9A19103F-16F7-4668-BE54-9A1E7A4F7556}") = "coordenadas-de-um-ponto", "coordenadas-de-um-ponto\coordenadas-de-um-ponto.csproj", "{00876F59-09A0-456D-B68D-0EF0DD5BAD3D}"
EndProject
Project("{2150E333-8FDC-42A3-9474-1A3956D46DE8}") = "ResolvendoDesafiosIniciaisCsharp", "ResolvendoDesafiosIniciaisCsharp", "{B5A6B075-94A7-4FD4-BC57-D8FF5B47D118}"
EndProject
Project("{9A19103F-16F7-4668-BE54-9A1E7A4F7556}") = "Ho Ho Ho", "Ho Ho Ho\Ho Ho Ho.csproj", "{DC890D72-0546-48A8-8EB5-59CB75A4FF60}"
EndProject
Project("{9A19103F-16F7-4668-BE54-9A1E7A4F7556}") = "pneu", "pneu\pneu.csproj", "{F4639036-04F4-40ED-A2EC-DB58D05A8120}"
EndProject
Project("{9A19103F-16F7-4668-BE54-9A1E7A4F7556}") = "Quadrante", "Quadrante\Quadrante.csproj", "{353DF813-92AA-4A5D-ADEA-73A91AB6A9E7}"
EndProject
Project("{2150E333-8FDC-42A3-9474-1A3956D46DE8}") = "ResolvendoDesafiosBásicosCsharp", "ResolvendoDesafiosBásicosCsharp", "{45462F19-01EE-4C9D-AAD0-A140E9372667}"
EndProject
Project("{9A19103F-16F7-4668-BE54-9A1E7A4F7556}") = "MaiorPosicao", "MaiorPosicao\MaiorPosicao.csproj", "{E03A9E17-10F5-4F57-80FB-CD8B9B4FB96B}"
EndProject
Project("{9A19103F-16F7-4668-BE54-9A1E7A4F7556}") = "SomaDosImpares", "SomaDosImpares\SomaDosImpares.csproj", "{DA65E609-8B74-4ECD-BA45-BC557B93F41F}"
EndProject
Project("{2150E333-8FDC-42A3-9474-1A3956D46DE8}") = "ResolvendoDesafiosIntermediáriosCsharp", "ResolvendoDesafiosIntermediáriosCsharp", "{A7865082-9F39-4076-B925-C92D3C06DAAB}"
EndProject
Project("{9A19103F-16F7-4668-BE54-9A1E7A4F7556}") = "PUM", "PUM\PUM.csproj", "{1553FC38-A79E-4F16-B8E2-08C25C40A364}"
EndProject
Project("{9A19103F-16F7-4668-BE54-9A1E7A4F7556}") = "PoligonosRetangulares", "PoligonosRetangulares\PoligonosRetangulares.csproj", "{7703E849-E6FA-49C4-977A-628C7391430F}"
EndProject
Project("{FAE04EC0-301F-11D3-BF4B-00C04F79EFBC}") = "intervalo2", "intervalo2\intervalo2.csproj", "{3AA1737B-B8D9-4A23-8CBB-04E23E6CAC62}"
EndProject
Global
	GlobalSection(SolutionConfigurationPlatforms) = preSolution
		Debug|Any CPU = Debug|Any CPU
		Release|Any CPU = Release|Any CPU
	EndGlobalSection
	GlobalSection(ProjectConfigurationPlatforms) = postSolution
		{8FDE1039-D629-45E2-A0E0-AFE63FF37C23}.Debug|Any CPU.ActiveCfg = Debug|Any CPU
		{8FDE1039-D629-45E2-A0E0-AFE63FF37C23}.Debug|Any CPU.Build.0 = Debug|Any CPU
		{8FDE1039-D629-45E2-A0E0-AFE63FF37C23}.Release|Any CPU.ActiveCfg = Release|Any CPU
		{8FDE1039-D629-45E2-A0E0-AFE63FF37C23}.Release|Any CPU.Build.0 = Release|Any CPU
		{69538CA7-B64B-4684-99D1-4DCE67A46603}.Debug|Any CPU.ActiveCfg = Debug|Any CPU
		{69538CA7-B64B-4684-99D1-4DCE67A46603}.Debug|Any CPU.Build.0 = Debug|Any CPU
		{69538CA7-B64B-4684-99D1-4DCE67A46603}.Release|Any CPU.ActiveCfg = Release|Any CPU
		{69538CA7-B64B-4684-99D1-4DCE67A46603}.Release|Any CPU.Build.0 = Release|Any CPU
		{C6836DB0-3CEF-4D45-B1E8-48DAD0289E19}.Debug|Any CPU.ActiveCfg = Debug|Any CPU
		{C6836DB0-3CEF-4D45-B1E8-48DAD0289E19}.Debug|Any CPU.Build.0 = Debug|Any CPU
		{C6836DB0-3CEF-4D45-B1E8-48DAD0289E19}.Release|Any CPU.ActiveCfg = Release|Any CPU
		{C6836DB0-3CEF-4D45-B1E8-48DAD0289E19}.Release|Any CPU.Build.0 = Release|Any CPU
		{67E2F613-44C2-4A28-A0A6-F96767B50492}.Debug|Any CPU.ActiveCfg = Debug|Any CPU
		{67E2F613-44C2-4A28-A0A6-F96767B50492}.Debug|Any CPU.Build.0 = Debug|Any CPU
		{67E2F613-44C2-4A28-A0A6-F96767B50492}.Release|Any CPU.ActiveCfg = Release|Any CPU
		{67E2F613-44C2-4A28-A0A6-F96767B50492}.Release|Any CPU.Build.0 = Release|Any CPU
		{693C5B49-C5E2-4AAD-9843-9248522C24D1}.Debug|Any CPU.ActiveCfg = Debug|Any CPU
		{693C5B49-C5E2-4AAD-9843-9248522C24D1}.Debug|Any CPU.Build.0 = Debug|Any CPU
		{693C5B49-C5E2-4AAD-9843-9248522C24D1}.Release|Any CPU.ActiveCfg = Release|Any CPU
		{693C5B49-C5E2-4AAD-9843-9248522C24D1}.Release|Any CPU.Build.0 = Release|Any CPU
		{DF95D333-1F69-4322-A08C-EB667EBD3516}.Debug|Any CPU.ActiveCfg = Debug|Any CPU
		{DF95D333-1F69-4322-A08C-EB667EBD3516}.Debug|Any CPU.Build.0 = Debug|Any CPU
		{DF95D333-1F69-4322-A08C-EB667EBD3516}.Release|Any CPU.ActiveCfg = Release|Any CPU
		{DF95D333-1F69-4322-A08C-EB667EBD3516}.Release|Any CPU.Build.0 = Release|Any CPU
		{EE50314C-5B05-4694-872B-23D457EA3380}.Debug|Any CPU.ActiveCfg = Debug|Any CPU
		{EE50314C-5B05-4694-872B-23D457EA3380}.Debug|Any CPU.Build.0 = Debug|Any CPU
		{EE50314C-5B05-4694-872B-23D457EA3380}.Release|Any CPU.ActiveCfg = Release|Any CPU
		{EE50314C-5B05-4694-872B-23D457EA3380}.Release|Any CPU.Build.0 = Release|Any CPU
		{362EE97B-7AE7-401D-A6B8-D7A4E73BCAE2}.Debug|Any CPU.ActiveCfg = Debug|Any CPU
		{362EE97B-7AE7-401D-A6B8-D7A4E73BCAE2}.Debug|Any CPU.Build.0 = Debug|Any CPU
		{362EE97B-7AE7-401D-A6B8-D7A4E73BCAE2}.Release|Any CPU.ActiveCfg = Release|Any CPU
		{362EE97B-7AE7-401D-A6B8-D7A4E73BCAE2}.Release|Any CPU.Build.0 = Release|Any CPU
		{925CC529-1CD7-451B-A1F8-214AF4605135}.Debug|Any CPU.ActiveCfg = Debug|Any CPU
		{925CC529-1CD7-451B-A1F8-214AF4605135}.Debug|Any CPU.Build.0 = Debug|Any CPU
		{925CC529-1CD7-451B-A1F8-214AF4605135}.Release|Any CPU.ActiveCfg = Release|Any CPU
		{925CC529-1CD7-451B-A1F8-214AF4605135}.Release|Any CPU.Build.0 = Release|Any CPU
		{0A4FD194-F3DA-434E-A301-FBADA88A2524}.Debug|Any CPU.ActiveCfg = Debug|Any CPU
		{0A4FD194-F3DA-434E-A301-FBADA88A2524}.Debug|Any CPU.Build.0 = Debug|Any CPU
		{0A4FD194-F3DA-434E-A301-FBADA88A2524}.Release|Any CPU.ActiveCfg = Release|Any CPU
		{0A4FD194-F3DA-434E-A301-FBADA88A2524}.Release|Any CPU.Build.0 = Release|Any CPU
		{7E62E41D-1287-4C69-9BFF-F99A4C219441}.Debug|Any CPU.ActiveCfg = Debug|Any CPU
		{7E62E41D-1287-4C69-9BFF-F99A4C219441}.Debug|Any CPU.Build.0 = Debug|Any CPU
		{7E62E41D-1287-4C69-9BFF-F99A4C219441}.Release|Any CPU.ActiveCfg = Release|Any CPU
		{7E62E41D-1287-4C69-9BFF-F99A4C219441}.Release|Any CPU.Build.0 = Release|Any CPU
		{00876F59-09A0-456D-B68D-0EF0DD5BAD3D}.Debug|Any CPU.ActiveCfg = Debug|Any CPU
		{00876F59-09A0-456D-B68D-0EF0DD5BAD3D}.Debug|Any CPU.Build.0 = Debug|Any CPU
		{00876F59-09A0-456D-B68D-0EF0DD5BAD3D}.Release|Any CPU.ActiveCfg = Release|Any CPU
		{00876F59-09A0-456D-B68D-0EF0DD5BAD3D}.Release|Any CPU.Build.0 = Release|Any CPU
		{DC890D72-0546-48A8-8EB5-59CB75A4FF60}.Debug|Any CPU.ActiveCfg = Debug|Any CPU
		{DC890D72-0546-48A8-8EB5-59CB75A4FF60}.Debug|Any CPU.Build.0 = Debug|Any CPU
		{DC890D72-0546-48A8-8EB5-59CB75A4FF60}.Release|Any CPU.ActiveCfg = Release|Any CPU
		{DC890D72-0546-48A8-8EB5-59CB75A4FF60}.Release|Any CPU.Build.0 = Release|Any CPU
		{F4639036-04F4-40ED-A2EC-DB58D05A8120}.Debug|Any CPU.ActiveCfg = Debug|Any CPU
		{F4639036-04F4-40ED-A2EC-DB58D05A8120}.Debug|Any CPU.Build.0 = Debug|Any CPU
		{F4639036-04F4-40ED-A2EC-DB58D05A8120}.Release|Any CPU.ActiveCfg = Release|Any CPU
		{F4639036-04F4-40ED-A2EC-DB58D05A8120}.Release|Any CPU.Build.0 = Release|Any CPU
		{353DF813-92AA-4A5D-ADEA-73A91AB6A9E7}.Debug|Any CPU.ActiveCfg = Debug|Any CPU
		{353DF813-92AA-4A5D-ADEA-73A91AB6A9E7}.Debug|Any CPU.Build.0 = Debug|Any CPU
		{353DF813-92AA-4A5D-ADEA-73A91AB6A9E7}.Release|Any CPU.ActiveCfg = Release|Any CPU
		{353DF813-92AA-4A5D-ADEA-73A91AB6A9E7}.Release|Any CPU.Build.0 = Release|Any CPU
		{E03A9E17-10F5-4F57-80FB-CD8B9B4FB96B}.Debug|Any CPU.ActiveCfg = Debug|Any CPU
		{E03A9E17-10F5-4F57-80FB-CD8B9B4FB96B}.Debug|Any CPU.Build.0 = Debug|Any CPU
		{E03A9E17-10F5-4F57-80FB-CD8B9B4FB96B}.Release|Any CPU.ActiveCfg = Release|Any CPU
		{E03A9E17-10F5-4F57-80FB-CD8B9B4FB96B}.Release|Any CPU.Build.0 = Release|Any CPU
		{DA65E609-8B74-4ECD-BA45-BC557B93F41F}.Debug|Any CPU.ActiveCfg = Debug|Any CPU
		{DA65E609-8B74-4ECD-BA45-BC557B93F41F}.Debug|Any CPU.Build.0 = Debug|Any CPU
		{DA65E609-8B74-4ECD-BA45-BC557B93F41F}.Release|Any CPU.ActiveCfg = Release|Any CPU
		{DA65E609-8B74-4ECD-BA45-BC557B93F41F}.Release|Any CPU.Build.0 = Release|Any CPU
		{1553FC38-A79E-4F16-B8E2-08C25C40A364}.Debug|Any CPU.ActiveCfg = Debug|Any CPU
		{1553FC38-A79E-4F16-B8E2-08C25C40A364}.Debug|Any CPU.Build.0 = Debug|Any CPU
		{1553FC38-A79E-4F16-B8E2-08C25C40A364}.Release|Any CPU.ActiveCfg = Release|Any CPU
		{1553FC38-A79E-4F16-B8E2-08C25C40A364}.Release|Any CPU.Build.0 = Release|Any CPU
		{7703E849-E6FA-49C4-977A-628C7391430F}.Debug|Any CPU.ActiveCfg = Debug|Any CPU
		{7703E849-E6FA-49C4-977A-628C7391430F}.Debug|Any CPU.Build.0 = Debug|Any CPU
		{7703E849-E6FA-49C4-977A-628C7391430F}.Release|Any CPU.ActiveCfg = Release|Any CPU
		{7703E849-E6FA-49C4-977A-628C7391430F}.Release|Any CPU.Build.0 = Release|Any CPU
		{3AA1737B-B8D9-4A23-8CBB-04E23E6CAC62}.Debug|Any CPU.ActiveCfg = Debug|Any CPU
		{3AA1737B-B8D9-4A23-8CBB-04E23E6CAC62}.Debug|Any CPU.Build.0 = Debug|Any CPU
		{3AA1737B-B8D9-4A23-8CBB-04E23E6CAC62}.Release|Any CPU.ActiveCfg = Release|Any CPU
		{3AA1737B-B8D9-4A23-8CBB-04E23E6CAC62}.Release|Any CPU.Build.0 = Release|Any CPU
	EndGlobalSection
	GlobalSection(SolutionProperties) = preSolution
		HideSolutionNode = FALSE
	EndGlobalSection
	GlobalSection(NestedProjects) = preSolution
		{DC890D72-0546-48A8-8EB5-59CB75A4FF60} = {B5A6B075-94A7-4FD4-BC57-D8FF5B47D118}
		{F4639036-04F4-40ED-A2EC-DB58D05A8120} = {B5A6B075-94A7-4FD4-BC57-D8FF5B47D118}
		{353DF813-92AA-4A5D-ADEA-73A91AB6A9E7} = {B5A6B075-94A7-4FD4-BC57-D8FF5B47D118}
		{E03A9E17-10F5-4F57-80FB-CD8B9B4FB96B} = {45462F19-01EE-4C9D-AAD0-A140E9372667}
		{DA65E609-8B74-4ECD-BA45-BC557B93F41F} = {45462F19-01EE-4C9D-AAD0-A140E9372667}
		{1553FC38-A79E-4F16-B8E2-08C25C40A364} = {A7865082-9F39-4076-B925-C92D3C06DAAB}
		{7703E849-E6FA-49C4-977A-628C7391430F} = {A7865082-9F39-4076-B925-C92D3C06DAAB}
		{3AA1737B-B8D9-4A23-8CBB-04E23E6CAC62} = {A7865082-9F39-4076-B925-C92D3C06DAAB}
	EndGlobalSection
	GlobalSection(ExtensibilityGlobals) = postSolution
		SolutionGuid = {A46AE525-AE63-4BE1-AAE9-3DCDE65BCACA}
	EndGlobalSection
EndGlobal
